
Microsoft Visual Studio Solution File, Format Version 12.00
# Visual Studio 2013
VisualStudioVersion = 12.0.30501.0
MinimumVisualStudioVersion = 10.0.40219.1
Project("{FAE04EC0-301F-11D3-BF4B-00C04F79EFBC}") = "SiteAngular", "SiteAngular\SiteAngular.csproj", "{90BB96AD-C374-4DDC-A389-F7294836ACC4}"
EndProject
Project("{2150E333-8FDC-42A3-9474-1A3956D46DE8}") = "Web", "Web", "{517C3F8F-7F08-4185-B368-2B965820EB7F}"
EndProject
Project("{2150E333-8FDC-42A3-9474-1A3956D46DE8}") = "Core", "Core", "{1C979626-39DB-46E1-B133-430C77688F95}"
EndProject
Project("{FAE04EC0-301F-11D3-BF4B-00C04F79EFBC}") = "SiteAngular.Core", "SiteAngular.Core\SiteAngular.Core.csproj", "{42898134-32A3-4D85-9985-848D5FABFD41}"
EndProject
Project("{2150E333-8FDC-42A3-9474-1A3956D46DE8}") = "Database", "Database", "{80049385-76B5-42E4-9DC2-81F7FE00C154}"
EndProject
Project("{FAE04EC0-301F-11D3-BF4B-00C04F79EFBC}") = "SiteAngular.Database.Migration", "SiteAngular.Database.Migration\SiteAngular.Database.Migration.csproj", "{64D6679F-8A67-4E6B-8463-2254455CE419}"
EndProject
Global
	GlobalSection(SolutionConfigurationPlatforms) = preSolution
		Debug|Any CPU = Debug|Any CPU
		Release|Any CPU = Release|Any CPU
	EndGlobalSection
	GlobalSection(ProjectConfigurationPlatforms) = postSolution
		{90BB96AD-C374-4DDC-A389-F7294836ACC4}.Debug|Any CPU.ActiveCfg = Debug|Any CPU
		{90BB96AD-C374-4DDC-A389-F7294836ACC4}.Debug|Any CPU.Build.0 = Debug|Any CPU
		{90BB96AD-C374-4DDC-A389-F7294836ACC4}.Release|Any CPU.ActiveCfg = Release|Any CPU
		{90BB96AD-C374-4DDC-A389-F7294836ACC4}.Release|Any CPU.Build.0 = Release|Any CPU
		{42898134-32A3-4D85-9985-848D5FABFD41}.Debug|Any CPU.ActiveCfg = Debug|Any CPU
		{42898134-32A3-4D85-9985-848D5FABFD41}.Debug|Any CPU.Build.0 = Debug|Any CPU
		{42898134-32A3-4D85-9985-848D5FABFD41}.Release|Any CPU.ActiveCfg = Release|Any CPU
		{42898134-32A3-4D85-9985-848D5FABFD41}.Release|Any CPU.Build.0 = Release|Any CPU
		{64D6679F-8A67-4E6B-8463-2254455CE419}.Debug|Any CPU.ActiveCfg = Debug|Any CPU
		{64D6679F-8A67-4E6B-8463-2254455CE419}.Debug|Any CPU.Build.0 = Debug|Any CPU
		{64D6679F-8A67-4E6B-8463-2254455CE419}.Release|Any CPU.ActiveCfg = Release|Any CPU
		{64D6679F-8A67-4E6B-8463-2254455CE419}.Release|Any CPU.Build.0 = Release|Any CPU
	EndGlobalSection
	GlobalSection(SolutionProperties) = preSolution
		HideSolutionNode = FALSE
	EndGlobalSection
	GlobalSection(NestedProjects) = preSolution
		{90BB96AD-C374-4DDC-A389-F7294836ACC4} = {517C3F8F-7F08-4185-B368-2B965820EB7F}
		{42898134-32A3-4D85-9985-848D5FABFD41} = {1C979626-39DB-46E1-B133-430C77688F95}
		{64D6679F-8A67-4E6B-8463-2254455CE419} = {80049385-76B5-42E4-9DC2-81F7FE00C154}
	EndGlobalSection
EndGlobal
